
Microsoft Visual Studio Solution File, Format Version 12.00
# Visual Studio Version 17
VisualStudioVersion = 17.0.31903.59
MinimumVisualStudioVersion = 10.0.40219.1
Project("{FAE04EC0-301F-11D3-BF4B-00C04F79EFBC}") = "Organizer.AppHost", "Organizer.AppHost\Organizer.AppHost.csproj", "{A739F558-BC42-45D4-84E7-829C2161CB65}"
EndProject
Project("{2150E333-8FDC-42A3-9474-1A3956D46DE8}") = "Organizer.API", "Organizer.API", "{C54846C1-B85B-5592-C5B5-C8A506F00BB4}"
EndProject
Project("{FAE04EC0-301F-11D3-BF4B-00C04F79EFBC}") = "Organizer.API", "Organizer.API\Organizer.API\Organizer.API.csproj", "{9844E92C-29FD-472E-A9A0-F9333FFA495E}"
EndProject
Project("{FAE04EC0-301F-11D3-BF4B-00C04F79EFBC}") = "Organizer.ServiceDefaults", "Organizer.ServiceDefaults\Organizer.ServiceDefaults.csproj", "{32393250-37E8-4CCF-A9B9-1FE4FF659FA2}"
EndProject
Global
	GlobalSection(SolutionConfigurationPlatforms) = preSolution
		Debug|Any CPU = Debug|Any CPU
		Debug|x64 = Debug|x64
		Debug|x86 = Debug|x86
		Release|Any CPU = Release|Any CPU
		Release|x64 = Release|x64
		Release|x86 = Release|x86
	EndGlobalSection
	GlobalSection(ProjectConfigurationPlatforms) = postSolution
		{A739F558-BC42-45D4-84E7-829C2161CB65}.Debug|Any CPU.ActiveCfg = Debug|Any CPU
		{A739F558-BC42-45D4-84E7-829C2161CB65}.Debug|Any CPU.Build.0 = Debug|Any CPU
		{A739F558-BC42-45D4-84E7-829C2161CB65}.Debug|x64.ActiveCfg = Debug|Any CPU
		{A739F558-BC42-45D4-84E7-829C2161CB65}.Debug|x64.Build.0 = Debug|Any CPU
		{A739F558-BC42-45D4-84E7-829C2161CB65}.Debug|x86.ActiveCfg = Debug|Any CPU
		{A739F558-BC42-45D4-84E7-829C2161CB65}.Debug|x86.Build.0 = Debug|Any CPU
		{A739F558-BC42-45D4-84E7-829C2161CB65}.Release|Any CPU.ActiveCfg = Release|Any CPU
		{A739F558-BC42-45D4-84E7-829C2161CB65}.Release|Any CPU.Build.0 = Release|Any CPU
		{A739F558-BC42-45D4-84E7-829C2161CB65}.Release|x64.ActiveCfg = Release|Any CPU
		{A739F558-BC42-45D4-84E7-829C2161CB65}.Release|x64.Build.0 = Release|Any CPU
		{A739F558-BC42-45D4-84E7-829C2161CB65}.Release|x86.ActiveCfg = Release|Any CPU
		{A739F558-BC42-45D4-84E7-829C2161CB65}.Release|x86.Build.0 = Release|Any CPU
		{9844E92C-29FD-472E-A9A0-F9333FFA495E}.Debug|Any CPU.ActiveCfg = Debug|Any CPU
		{9844E92C-29FD-472E-A9A0-F9333FFA495E}.Debug|Any CPU.Build.0 = Debug|Any CPU
		{9844E92C-29FD-472E-A9A0-F9333FFA495E}.Debug|x64.ActiveCfg = Debug|Any CPU
		{9844E92C-29FD-472E-A9A0-F9333FFA495E}.Debug|x64.Build.0 = Debug|Any CPU
		{9844E92C-29FD-472E-A9A0-F9333FFA495E}.Debug|x86.ActiveCfg = Debug|Any CPU
		{9844E92C-29FD-472E-A9A0-F9333FFA495E}.Debug|x86.Build.0 = Debug|Any CPU
		{9844E92C-29FD-472E-A9A0-F9333FFA495E}.Release|Any CPU.ActiveCfg = Release|Any CPU
		{9844E92C-29FD-472E-A9A0-F9333FFA495E}.Release|Any CPU.Build.0 = Release|Any CPU
		{9844E92C-29FD-472E-A9A0-F9333FFA495E}.Release|x64.ActiveCfg = Release|Any CPU
		{9844E92C-29FD-472E-A9A0-F9333FFA495E}.Release|x64.Build.0 = Release|Any CPU
		{9844E92C-29FD-472E-A9A0-F9333FFA495E}.Release|x86.ActiveCfg = Release|Any CPU
		{9844E92C-29FD-472E-A9A0-F9333FFA495E}.Release|x86.Build.0 = Release|Any CPU
		{32393250-37E8-4CCF-A9B9-1FE4FF659FA2}.Debug|Any CPU.ActiveCfg = Debug|Any CPU
		{32393250-37E8-4CCF-A9B9-1FE4FF659FA2}.Debug|Any CPU.Build.0 = Debug|Any CPU
		{32393250-37E8-4CCF-A9B9-1FE4FF659FA2}.Debug|x64.ActiveCfg = Debug|Any CPU
		{32393250-37E8-4CCF-A9B9-1FE4FF659FA2}.Debug|x64.Build.0 = Debug|Any CPU
		{32393250-37E8-4CCF-A9B9-1FE4FF659FA2}.Debug|x86.ActiveCfg = Debug|Any CPU
		{32393250-37E8-4CCF-A9B9-1FE4FF659FA2}.Debug|x86.Build.0 = Debug|Any CPU
		{32393250-37E8-4CCF-A9B9-1FE4FF659FA2}.Release|Any CPU.ActiveCfg = Release|Any CPU
		{32393250-37E8-4CCF-A9B9-1FE4FF659FA2}.Release|Any CPU.Build.0 = Release|Any CPU
		{32393250-37E8-4CCF-A9B9-1FE4FF659FA2}.Release|x64.ActiveCfg = Release|Any CPU
		{32393250-37E8-4CCF-A9B9-1FE4FF659FA2}.Release|x64.Build.0 = Release|Any CPU
		{32393250-37E8-4CCF-A9B9-1FE4FF659FA2}.Release|x86.ActiveCfg = Release|Any CPU
		{32393250-37E8-4CCF-A9B9-1FE4FF659FA2}.Release|x86.Build.0 = Release|Any CPU
	EndGlobalSection
	GlobalSection(SolutionProperties) = preSolution
		HideSolutionNode = FALSE
	EndGlobalSection
	GlobalSection(NestedProjects) = preSolution
		{9844E92C-29FD-472E-A9A0-F9333FFA495E} = {C54846C1-B85B-5592-C5B5-C8A506F00BB4}
	EndGlobalSection
EndGlobal
